
Microsoft Visual Studio Solution File, Format Version 12.00
# Visual Studio Version 17
VisualStudioVersion = 17.14.37012.4 d17.14
MinimumVisualStudioVersion = 10.0.40219.1
Project("{FAE04EC0-301F-11D3-BF4B-00C04F79EFBC}") = "DSA_Project", "DSA_Project\DSA_Project.csproj", "{ADE2885F-55EC-49C6-8B71-5AD28D5ADD97}"
EndProject
Global
	GlobalSection(SolutionConfigurationPlatforms) = preSolution
		Debug|Any CPU = Debug|Any CPU
		Release|Any CPU = Release|Any CPU
	EndGlobalSection
	GlobalSection(ProjectConfigurationPlatforms) = postSolution
		{ADE2885F-55EC-49C6-8B71-5AD28D5ADD97}.Debug|Any CPU.ActiveCfg = Debug|Any CPU
		{ADE2885F-55EC-49C6-8B71-5AD28D5ADD97}.Debug|Any CPU.Build.0 = Debug|Any CPU
		{ADE2885F-55EC-49C6-8B71-5AD28D5ADD97}.Release|Any CPU.ActiveCfg = Release|Any CPU
		{ADE2885F-55EC-49C6-8B71-5AD28D5ADD97}.Release|Any CPU.Build.0 = Release|Any CPU
	EndGlobalSection
	GlobalSection(SolutionProperties) = preSolution
		HideSolutionNode = FALSE
	EndGlobalSection
	GlobalSection(ExtensibilityGlobals) = postSolution
		SolutionGuid = {697E3E17-E68B-4F03-B094-340610B1BDD4}
	EndGlobalSection
EndGlobal
